// !$*UTF8*$!
{
	archiveVersion = 1;
	classes = {
	};
	objectVersion = 46;
	objects = {

/* Begin PBXBuildFile section */
		050B3BB214BFBC7E0017DE17 /* FavoriteViewController.m in Sources */ = {isa = PBXBuildFile; fileRef = 050B3BB014BFBC7E0017DE17 /* FavoriteViewController.m */; };
		050B3BB314BFBC7E0017DE17 /* FavoriteViewController.xib in Resources */ = {isa = PBXBuildFile; fileRef = 050B3BB114BFBC7E0017DE17 /* FavoriteViewController.xib */; };
		050B3BB714BFC7BE0017DE17 /* TabViewController.m in Sources */ = {isa = PBXBuildFile; fileRef = 050B3BB614BFC7BE0017DE17 /* TabViewController.m */; };
		05835AE214AFA384008319A4 /* nc_17.png in Resources */ = {isa = PBXBuildFile; fileRef = 05835ADE14AFA384008319A4 /* nc_17.png */; };
		05835AE314AFA384008319A4 /* pg_13.png in Resources */ = {isa = PBXBuildFile; fileRef = 05835ADF14AFA384008319A4 /* pg_13.png */; };
		05835AE414AFA384008319A4 /* pg.png in Resources */ = {isa = PBXBuildFile; fileRef = 05835AE014AFA384008319A4 /* pg.png */; };
		05835AE514AFA384008319A4 /* r.png in Resources */ = {isa = PBXBuildFile; fileRef = 05835AE114AFA384008319A4 /* r.png */; };
		05835AEE14AFA4A4008319A4 /* mm.png in Resources */ = {isa = PBXBuildFile; fileRef = 05835AEC14AFA4A4008319A4 /* mm.png */; };
		05835AEF14AFA4A4008319A4 /* mm@2x.png in Resources */ = {isa = PBXBuildFile; fileRef = 05835AED14AFA4A4008319A4 /* mm@2x.png */; };
		05835AFD14B00B6C008319A4 /* goldstar.png in Resources */ = {isa = PBXBuildFile; fileRef = 05835AFC14B00B6C008319A4 /* goldstar.png */; };
		05AE7C3414AD610E00E04FDF /* UIKit.framework in Frameworks */ = {isa = PBXBuildFile; fileRef = 05AE7C3314AD610E00E04FDF /* UIKit.framework */; };
		05AE7C3614AD610E00E04FDF /* Foundation.framework in Frameworks */ = {isa = PBXBuildFile; fileRef = 05AE7C3514AD610E00E04FDF /* Foundation.framework */; };
		05AE7C3814AD610E00E04FDF /* CoreGraphics.framework in Frameworks */ = {isa = PBXBuildFile; fileRef = 05AE7C3714AD610E00E04FDF /* CoreGraphics.framework */; };
		05AE7C3A14AD610E00E04FDF /* CoreData.framework in Frameworks */ = {isa = PBXBuildFile; fileRef = 05AE7C3914AD610E00E04FDF /* CoreData.framework */; };
		05AE7C4014AD610E00E04FDF /* InfoPlist.strings in Resources */ = {isa = PBXBuildFile; fileRef = 05AE7C3E14AD610E00E04FDF /* InfoPlist.strings */; };
		05AE7C4214AD610E00E04FDF /* main.m in Sources */ = {isa = PBXBuildFile; fileRef = 05AE7C4114AD610E00E04FDF /* main.m */; };
		05AE7C4614AD610E00E04FDF /* AppDelegate.m in Sources */ = {isa = PBXBuildFile; fileRef = 05AE7C4514AD610E00E04FDF /* AppDelegate.m */; };
		05AE7C4914AD610E00E04FDF /* MovieMate.xcdatamodeld in Sources */ = {isa = PBXBuildFile; fileRef = 05AE7C4714AD610E00E04FDF /* MovieMate.xcdatamodeld */; };
		05AE7C4C14AD610E00E04FDF /* MasterViewController.m in Sources */ = {isa = PBXBuildFile; fileRef = 05AE7C4B14AD610E00E04FDF /* MasterViewController.m */; };
		05AE7C4F14AD610E00E04FDF /* DetailViewController.m in Sources */ = {isa = PBXBuildFile; fileRef = 05AE7C4E14AD610E00E04FDF /* DetailViewController.m */; };
		05AE7C5214AD610E00E04FDF /* MasterViewController.xib in Resources */ = {isa = PBXBuildFile; fileRef = 05AE7C5014AD610E00E04FDF /* MasterViewController.xib */; };
		05AE7C5514AD610E00E04FDF /* DetailViewController.xib in Resources */ = {isa = PBXBuildFile; fileRef = 05AE7C5314AD610E00E04FDF /* DetailViewController.xib */; };
		05AE7C5D14AD610E00E04FDF /* SenTestingKit.framework in Frameworks */ = {isa = PBXBuildFile; fileRef = 05AE7C5C14AD610E00E04FDF /* SenTestingKit.framework */; };
		05AE7C5E14AD610E00E04FDF /* UIKit.framework in Frameworks */ = {isa = PBXBuildFile; fileRef = 05AE7C3314AD610E00E04FDF /* UIKit.framework */; };
		05AE7C5F14AD610E00E04FDF /* Foundation.framework in Frameworks */ = {isa = PBXBuildFile; fileRef = 05AE7C3514AD610E00E04FDF /* Foundation.framework */; };
		05AE7C6014AD610E00E04FDF /* CoreData.framework in Frameworks */ = {isa = PBXBuildFile; fileRef = 05AE7C3914AD610E00E04FDF /* CoreData.framework */; };
		05AE7C6814AD610E00E04FDF /* InfoPlist.strings in Resources */ = {isa = PBXBuildFile; fileRef = 05AE7C6614AD610E00E04FDF /* InfoPlist.strings */; };
		05AE7C6B14AD610E00E04FDF /* MovieMateTests.m in Sources */ = {isa = PBXBuildFile; fileRef = 05AE7C6A14AD610E00E04FDF /* MovieMateTests.m */; };
		05DBEE1314B110A0008CB55E /* Twitter.framework in Frameworks */ = {isa = PBXBuildFile; fileRef = 05DBEE1214B110A0008CB55E /* Twitter.framework */; };
		05EDA2A814AE29F800B50BE5 /* Movie.m in Sources */ = {isa = PBXBuildFile; fileRef = 05EDA2A714AE29F800B50BE5 /* Movie.m */; };
		05EDA2AB14AE2A1300B50BE5 /* Actor.m in Sources */ = {isa = PBXBuildFile; fileRef = 05EDA2AA14AE2A1300B50BE5 /* Actor.m */; };
		05EDA2AE14AE2A2700B50BE5 /* Role.m in Sources */ = {isa = PBXBuildFile; fileRef = 05EDA2AD14AE2A2700B50BE5 /* Role.m */; };
		05EDA2B614AE429900B50BE5 /* DatabaseManager.m in Sources */ = {isa = PBXBuildFile; fileRef = 05EDA2B514AE429900B50BE5 /* DatabaseManager.m */; };
		05EDA2B814AE658C00B50BE5 /* g.png in Resources */ = {isa = PBXBuildFile; fileRef = 05EDA2B714AE658C00B50BE5 /* g.png */; };
		05F233A414B2278C00DE4272 /* Default.png in Resources */ = {isa = PBXBuildFile; fileRef = 05F233A314B2278C00DE4272 /* Default.png */; };
		05F233A714B2279300DE4272 /* Default@2x.png in Resources */ = {isa = PBXBuildFile; fileRef = 05F233A614B2279300DE4272 /* Default@2x.png */; };
/* End PBXBuildFile section */

/* Begin PBXContainerItemProxy section */
		05AE7C6114AD610E00E04FDF /* PBXContainerItemProxy */ = {
			isa = PBXContainerItemProxy;
			containerPortal = 05AE7C2614AD610D00E04FDF /* Project object */;
			proxyType = 1;
			remoteGlobalIDString = 05AE7C2E14AD610E00E04FDF;
			remoteInfo = MovieMate;
		};
/* End PBXContainerItemProxy section */

/* Begin PBXFileReference section */
		050B3BAF14BFBC7E0017DE17 /* FavoriteViewController.h */ = {isa = PBXFileReference; fileEncoding = 4; lastKnownFileType = sourcecode.c.h; path = FavoriteViewController.h; sourceTree = "<group>"; };
		050B3BB014BFBC7E0017DE17 /* FavoriteViewController.m */ = {isa = PBXFileReference; fileEncoding = 4; lastKnownFileType = sourcecode.c.objc; path = FavoriteViewController.m; sourceTree = "<group>"; };
		050B3BB114BFBC7E0017DE17 /* FavoriteViewController.xib */ = {isa = PBXFileReference; fileEncoding = 4; lastKnownFileType = file.xib; path = FavoriteViewController.xib; sourceTree = "<group>"; };
		050B3BB514BFC7BD0017DE17 /* TabViewController.h */ = {isa = PBXFileReference; fileEncoding = 4; lastKnownFileType = sourcecode.c.h; path = TabViewController.h; sourceTree = "<group>"; };
		050B3BB614BFC7BE0017DE17 /* TabViewController.m */ = {isa = PBXFileReference; fileEncoding = 4; lastKnownFileType = sourcecode.c.objc; path = TabViewController.m; sourceTree = "<group>"; };
		05835ADE14AFA384008319A4 /* nc_17.png */ = {isa = PBXFileReference; lastKnownFileType = image.png; path = nc_17.png; sourceTree = "<group>"; };
		05835ADF14AFA384008319A4 /* pg_13.png */ = {isa = PBXFileReference; lastKnownFileType = image.png; path = pg_13.png; sourceTree = "<group>"; };
		05835AE014AFA384008319A4 /* pg.png */ = {isa = PBXFileReference; lastKnownFileType = image.png; path = pg.png; sourceTree = "<group>"; };
		05835AE114AFA384008319A4 /* r.png */ = {isa = PBXFileReference; lastKnownFileType = image.png; path = r.png; sourceTree = "<group>"; };
		05835AEC14AFA4A4008319A4 /* mm.png */ = {isa = PBXFileReference; lastKnownFileType = image.png; path = mm.png; sourceTree = "<group>"; };
		05835AED14AFA4A4008319A4 /* mm@2x.png */ = {isa = PBXFileReference; lastKnownFileType = image.png; path = "mm@2x.png"; sourceTree = "<group>"; };
		05835AFC14B00B6C008319A4 /* goldstar.png */ = {isa = PBXFileReference; lastKnownFileType = image.png; path = goldstar.png; sourceTree = "<group>"; };
		05AE7C2F14AD610E00E04FDF /* MovieMate.app */ = {isa = PBXFileReference; explicitFileType = wrapper.application; includeInIndex = 0; path = MovieMate.app; sourceTree = BUILT_PRODUCTS_DIR; };
		05AE7C3314AD610E00E04FDF /* UIKit.framework */ = {isa = PBXFileReference; lastKnownFileType = wrapper.framework; name = UIKit.framework; path = System/Library/Frameworks/UIKit.framework; sourceTree = SDKROOT; };
		05AE7C3514AD610E00E04FDF /* Foundation.framework */ = {isa = PBXFileReference; lastKnownFileType = wrapper.framework; name = Foundation.framework; path = System/Library/Frameworks/Foundation.framework; sourceTree = SDKROOT; };
		05AE7C3714AD610E00E04FDF /* CoreGraphics.framework */ = {isa = PBXFileReference; lastKnownFileType = wrapper.framework; name = CoreGraphics.framework; path = System/Library/Frameworks/CoreGraphics.framework; sourceTree = SDKROOT; };
		05AE7C3914AD610E00E04FDF /* CoreData.framework */ = {isa = PBXFileReference; lastKnownFileType = wrapper.framework; name = CoreData.framework; path = System/Library/Frameworks/CoreData.framework; sourceTree = SDKROOT; };
		05AE7C3D14AD610E00E04FDF /* MovieMate-Info.plist */ = {isa = PBXFileReference; lastKnownFileType = text.plist.xml; path = "MovieMate-Info.plist"; sourceTree = "<group>"; };
		05AE7C3F14AD610E00E04FDF /* en */ = {isa = PBXFileReference; lastKnownFileType = text.plist.strings; name = en; path = en.lproj/InfoPlist.strings; sourceTree = "<group>"; };
		05AE7C4114AD610E00E04FDF /* main.m */ = {isa = PBXFileReference; lastKnownFileType = sourcecode.c.objc; path = main.m; sourceTree = "<group>"; };
		05AE7C4314AD610E00E04FDF /* MovieMate-Prefix.pch */ = {isa = PBXFileReference; lastKnownFileType = sourcecode.c.h; path = "MovieMate-Prefix.pch"; sourceTree = "<group>"; };
		05AE7C4414AD610E00E04FDF /* AppDelegate.h */ = {isa = PBXFileReference; lastKnownFileType = sourcecode.c.h; path = AppDelegate.h; sourceTree = "<group>"; };
		05AE7C4514AD610E00E04FDF /* AppDelegate.m */ = {isa = PBXFileReference; lastKnownFileType = sourcecode.c.objc; path = AppDelegate.m; sourceTree = "<group>"; };
		05AE7C4814AD610E00E04FDF /* MovieMate.xcdatamodel */ = {isa = PBXFileReference; lastKnownFileType = wrapper.xcdatamodel; path = MovieMate.xcdatamodel; sourceTree = "<group>"; };
		05AE7C4A14AD610E00E04FDF /* MasterViewController.h */ = {isa = PBXFileReference; lastKnownFileType = sourcecode.c.h; path = MasterViewController.h; sourceTree = "<group>"; };
		05AE7C4B14AD610E00E04FDF /* MasterViewController.m */ = {isa = PBXFileReference; lastKnownFileType = sourcecode.c.objc; lineEnding = 0; path = MasterViewController.m; sourceTree = "<group>"; xcLanguageSpecificationIdentifier = xcode.lang.objc; };
		05AE7C4D14AD610E00E04FDF /* DetailViewController.h */ = {isa = PBXFileReference; lastKnownFileType = sourcecode.c.h; path = DetailViewController.h; sourceTree = "<group>"; };
		05AE7C4E14AD610E00E04FDF /* DetailViewController.m */ = {isa = PBXFileReference; lastKnownFileType = sourcecode.c.objc; lineEnding = 0; path = DetailViewController.m; sourceTree = "<group>"; xcLanguageSpecificationIdentifier = xcode.lang.objc; };
		05AE7C5114AD610E00E04FDF /* en */ = {isa = PBXFileReference; lastKnownFileType = file.xib; name = en; path = en.lproj/MasterViewController.xib; sourceTree = "<group>"; };
		05AE7C5414AD610E00E04FDF /* en */ = {isa = PBXFileReference; lastKnownFileType = file.xib; name = en; path = en.lproj/DetailViewController.xib; sourceTree = "<group>"; };
		05AE7C5B14AD610E00E04FDF /* MovieMateTests.octest */ = {isa = PBXFileReference; explicitFileType = wrapper.cfbundle; includeInIndex = 0; path = MovieMateTests.octest; sourceTree = BUILT_PRODUCTS_DIR; };
		05AE7C5C14AD610E00E04FDF /* SenTestingKit.framework */ = {isa = PBXFileReference; lastKnownFileType = wrapper.framework; name = SenTestingKit.framework; path = Library/Frameworks/SenTestingKit.framework; sourceTree = DEVELOPER_DIR; };
		05AE7C6514AD610E00E04FDF /* MovieMateTests-Info.plist */ = {isa = PBXFileReference; lastKnownFileType = text.plist.xml; path = "MovieMateTests-Info.plist"; sourceTree = "<group>"; };
		05AE7C6714AD610E00E04FDF /* en */ = {isa = PBXFileReference; lastKnownFileType = text.plist.strings; name = en; path = en.lproj/InfoPlist.strings; sourceTree = "<group>"; };
		05AE7C6914AD610E00E04FDF /* MovieMateTests.h */ = {isa = PBXFileReference; lastKnownFileType = sourcecode.c.h; path = MovieMateTests.h; sourceTree = "<group>"; };
		05AE7C6A14AD610E00E04FDF /* MovieMateTests.m */ = {isa = PBXFileReference; lastKnownFileType = sourcecode.c.objc; path = MovieMateTests.m; sourceTree = "<group>"; };
		05DBEE1214B110A0008CB55E /* Twitter.framework */ = {isa = PBXFileReference; lastKnownFileType = wrapper.framework; name = Twitter.framework; path = System/Library/Frameworks/Twitter.framework; sourceTree = SDKROOT; };
		05EDA2A614AE29F800B50BE5 /* Movie.h */ = {isa = PBXFileReference; fileEncoding = 4; lastKnownFileType = sourcecode.c.h; path = Movie.h; sourceTree = "<group>"; };
		05EDA2A714AE29F800B50BE5 /* Movie.m */ = {isa = PBXFileReference; fileEncoding = 4; lastKnownFileType = sourcecode.c.objc; path = Movie.m; sourceTree = "<group>"; };
		05EDA2A914AE2A1300B50BE5 /* Actor.h */ = {isa = PBXFileReference; fileEncoding = 4; lastKnownFileType = sourcecode.c.h; path = Actor.h; sourceTree = "<group>"; };
		05EDA2AA14AE2A1300B50BE5 /* Actor.m */ = {isa = PBXFileReference; fileEncoding = 4; lastKnownFileType = sourcecode.c.objc; path = Actor.m; sourceTree = "<group>"; };
		05EDA2AC14AE2A2700B50BE5 /* Role.h */ = {isa = PBXFileReference; fileEncoding = 4; lastKnownFileType = sourcecode.c.h; path = Role.h; sourceTree = "<group>"; };
		05EDA2AD14AE2A2700B50BE5 /* Role.m */ = {isa = PBXFileReference; fileEncoding = 4; lastKnownFileType = sourcecode.c.objc; path = Role.m; sourceTree = "<group>"; };
		05EDA2B314AE373D00B50BE5 /* SynthesizeSingleton.h */ = {isa = PBXFileReference; fileEncoding = 4; lastKnownFileType = sourcecode.c.h; path = SynthesizeSingleton.h; sourceTree = "<group>"; };
		05EDA2B414AE429900B50BE5 /* DatabaseManager.h */ = {isa = PBXFileReference; fileEncoding = 4; lastKnownFileType = sourcecode.c.h; path = DatabaseManager.h; sourceTree = "<group>"; };
		05EDA2B514AE429900B50BE5 /* DatabaseManager.m */ = {isa = PBXFileReference; fileEncoding = 4; lastKnownFileType = sourcecode.c.objc; lineEnding = 0; path = DatabaseManager.m; sourceTree = "<group>"; xcLanguageSpecificationIdentifier = xcode.lang.objc; };
		05EDA2B714AE658C00B50BE5 /* g.png */ = {isa = PBXFileReference; lastKnownFileType = image.png; path = g.png; sourceTree = "<group>"; };
		05F233A314B2278C00DE4272 /* Default.png */ = {isa = PBXFileReference; lastKnownFileType = image.png; name = Default.png; path = ../Default.png; sourceTree = "<group>"; };
		05F233A614B2279300DE4272 /* Default@2x.png */ = {isa = PBXFileReference; lastKnownFileType = image.png; name = "Default@2x.png"; path = "../Default@2x.png"; sourceTree = "<group>"; };
/* End PBXFileReference section */

/* Begin PBXFrameworksBuildPhase section */
		05AE7C2C14AD610E00E04FDF /* Frameworks */ = {
			isa = PBXFrameworksBuildPhase;
			buildActionMask = 2147483647;
			files = (
				05DBEE1314B110A0008CB55E /* Twitter.framework in Frameworks */,
				05AE7C3414AD610E00E04FDF /* UIKit.framework in Frameworks */,
				05AE7C3614AD610E00E04FDF /* Foundation.framework in Frameworks */,
				05AE7C3814AD610E00E04FDF /* CoreGraphics.framework in Frameworks */,
				05AE7C3A14AD610E00E04FDF /* CoreData.framework in Frameworks */,
			);
			runOnlyForDeploymentPostprocessing = 0;
		};
		05AE7C5714AD610E00E04FDF /* Frameworks */ = {
			isa = PBXFrameworksBuildPhase;
			buildActionMask = 2147483647;
			files = (
				05AE7C5D14AD610E00E04FDF /* SenTestingKit.framework in Frameworks */,
				05AE7C5E14AD610E00E04FDF /* UIKit.framework in Frameworks */,
				05AE7C5F14AD610E00E04FDF /* Foundation.framework in Frameworks */,
				05AE7C6014AD610E00E04FDF /* CoreData.framework in Frameworks */,
			);
			runOnlyForDeploymentPostprocessing = 0;
		};
/* End PBXFrameworksBuildPhase section */

/* Begin PBXGroup section */
		05AE7C2414AD610D00E04FDF = {
			isa = PBXGroup;
			children = (
				05AE7C3B14AD610E00E04FDF /* MovieMate */,
				05AE7C6314AD610E00E04FDF /* MovieMateTests */,
				05AE7C3214AD610E00E04FDF /* Frameworks */,
				05AE7C3014AD610E00E04FDF /* Products */,
			);
			sourceTree = "<group>";
		};
		05AE7C3014AD610E00E04FDF /* Products */ = {
			isa = PBXGroup;
			children = (
				05AE7C2F14AD610E00E04FDF /* MovieMate.app */,
				05AE7C5B14AD610E00E04FDF /* MovieMateTests.octest */,
			);
			name = Products;
			sourceTree = "<group>";
		};
		05AE7C3214AD610E00E04FDF /* Frameworks */ = {
			isa = PBXGroup;
			children = (
				05DBEE1214B110A0008CB55E /* Twitter.framework */,
				05AE7C3314AD610E00E04FDF /* UIKit.framework */,
				05AE7C3514AD610E00E04FDF /* Foundation.framework */,
				05AE7C3714AD610E00E04FDF /* CoreGraphics.framework */,
				05AE7C3914AD610E00E04FDF /* CoreData.framework */,
				05AE7C5C14AD610E00E04FDF /* SenTestingKit.framework */,
			);
			name = Frameworks;
			sourceTree = "<group>";
		};
		05AE7C3B14AD610E00E04FDF /* MovieMate */ = {
			isa = PBXGroup;
			children = (
				05AE7C4414AD610E00E04FDF /* AppDelegate.h */,
				05AE7C4514AD610E00E04FDF /* AppDelegate.m */,
				050B3BB514BFC7BD0017DE17 /* TabViewController.h */,
				050B3BB614BFC7BE0017DE17 /* TabViewController.m */,
				05EDA2B414AE429900B50BE5 /* DatabaseManager.h */,
				05EDA2B514AE429900B50BE5 /* DatabaseManager.m */,
				05AE7C4A14AD610E00E04FDF /* MasterViewController.h */,
				05EDA2B314AE373D00B50BE5 /* SynthesizeSingleton.h */,
				05AE7C4B14AD610E00E04FDF /* MasterViewController.m */,
				050B3BAF14BFBC7E0017DE17 /* FavoriteViewController.h */,
				050B3BB014BFBC7E0017DE17 /* FavoriteViewController.m */,
				050B3BB114BFBC7E0017DE17 /* FavoriteViewController.xib */,
				05AE7C4D14AD610E00E04FDF /* DetailViewController.h */,
				05AE7C4E14AD610E00E04FDF /* DetailViewController.m */,
				05AE7C5014AD610E00E04FDF /* MasterViewController.xib */,
				05AE7C5314AD610E00E04FDF /* DetailViewController.xib */,
				05AE7C4714AD610E00E04FDF /* MovieMate.xcdatamodeld */,
				05EDA2AC14AE2A2700B50BE5 /* Role.h */,
				05EDA2AD14AE2A2700B50BE5 /* Role.m */,
				05EDA2A914AE2A1300B50BE5 /* Actor.h */,
				05EDA2AA14AE2A1300B50BE5 /* Actor.m */,
				05EDA2A614AE29F800B50BE5 /* Movie.h */,
				05EDA2A714AE29F800B50BE5 /* Movie.m */,
				05AE7C3C14AD610E00E04FDF /* Supporting Files */,
			);
			path = MovieMate;
			sourceTree = "<group>";
		};
		05AE7C3C14AD610E00E04FDF /* Supporting Files */ = {
			isa = PBXGroup;
			children = (
				05AE7C3D14AD610E00E04FDF /* MovieMate-Info.plist */,
				05F233A314B2278C00DE4272 /* Default.png */,
				05AE7C3E14AD610E00E04FDF /* InfoPlist.strings */,
				05835ADE14AFA384008319A4 /* nc_17.png */,
				05835ADF14AFA384008319A4 /* pg_13.png */,
				05F233A614B2279300DE4272 /* Default@2x.png */,
				05835AEC14AFA4A4008319A4 /* mm.png */,
				05835AFC14B00B6C008319A4 /* goldstar.png */,
				05835AED14AFA4A4008319A4 /* mm@2x.png */,
				05835AE014AFA384008319A4 /* pg.png */,
				05835AE114AFA384008319A4 /* r.png */,
				05EDA2B714AE658C00B50BE5 /* g.png */,
				05AE7C4114AD610E00E04FDF /* main.m */,
				05AE7C4314AD610E00E04FDF /* MovieMate-Prefix.pch */,
			);
			name = "Supporting Files";
			sourceTree = "<group>";
		};
		05AE7C6314AD610E00E04FDF /* MovieMateTests */ = {
			isa = PBXGroup;
			children = (
				05AE7C6914AD610E00E04FDF /* MovieMateTests.h */,
				05AE7C6A14AD610E00E04FDF /* MovieMateTests.m */,
				05AE7C6414AD610E00E04FDF /* Supporting Files */,
			);
			path = MovieMateTests;
			sourceTree = "<group>";
		};
		05AE7C6414AD610E00E04FDF /* Supporting Files */ = {
			isa = PBXGroup;
			children = (
				05AE7C6514AD610E00E04FDF /* MovieMateTests-Info.plist */,
				05AE7C6614AD610E00E04FDF /* InfoPlist.strings */,
			);
			name = "Supporting Files";
			sourceTree = "<group>";
		};
/* End PBXGroup section */

/* Begin PBXNativeTarget section */
		05AE7C2E14AD610E00E04FDF /* MovieMate */ = {
			isa = PBXNativeTarget;
			buildConfigurationList = 05AE7C6E14AD610E00E04FDF /* Build configuration list for PBXNativeTarget "MovieMate" */;
			buildPhases = (
				05AE7C2B14AD610E00E04FDF /* Sources */,
				05AE7C2C14AD610E00E04FDF /* Frameworks */,
				05AE7C2D14AD610E00E04FDF /* Resources */,
			);
			buildRules = (
			);
			dependencies = (
			);
			name = MovieMate;
			productName = MovieMate;
			productReference = 05AE7C2F14AD610E00E04FDF /* MovieMate.app */;
			productType = "com.apple.product-type.application";
		};
		05AE7C5A14AD610E00E04FDF /* MovieMateTests */ = {
			isa = PBXNativeTarget;
			buildConfigurationList = 05AE7C7114AD610E00E04FDF /* Build configuration list for PBXNativeTarget "MovieMateTests" */;
			buildPhases = (
				05AE7C5614AD610E00E04FDF /* Sources */,
				05AE7C5714AD610E00E04FDF /* Frameworks */,
				05AE7C5814AD610E00E04FDF /* Resources */,
				05AE7C5914AD610E00E04FDF /* ShellScript */,
			);
			buildRules = (
			);
			dependencies = (
				05AE7C6214AD610E00E04FDF /* PBXTargetDependency */,
			);
			name = MovieMateTests;
			productName = MovieMateTests;
			productReference = 05AE7C5B14AD610E00E04FDF /* MovieMateTests.octest */;
			productType = "com.apple.product-type.bundle";
		};
/* End PBXNativeTarget section */

/* Begin PBXProject section */
		05AE7C2614AD610D00E04FDF /* Project object */ = {
			isa = PBXProject;
			attributes = {
				LastUpgradeCheck = 0420;
			};
			buildConfigurationList = 05AE7C2914AD610D00E04FDF /* Build configuration list for PBXProject "MovieMate" */;
			compatibilityVersion = "Xcode 3.2";
			developmentRegion = English;
			hasScannedForEncodings = 0;
			knownRegions = (
				en,
			);
			mainGroup = 05AE7C2414AD610D00E04FDF;
			productRefGroup = 05AE7C3014AD610E00E04FDF /* Products */;
			projectDirPath = "";
			projectRoot = "";
			targets = (
				05AE7C2E14AD610E00E04FDF /* MovieMate */,
				05AE7C5A14AD610E00E04FDF /* MovieMateTests */,
			);
		};
/* End PBXProject section */

/* Begin PBXResourcesBuildPhase section */
		05AE7C2D14AD610E00E04FDF /* Resources */ = {
			isa = PBXResourcesBuildPhase;
			buildActionMask = 2147483647;
			files = (
				05AE7C4014AD610E00E04FDF /* InfoPlist.strings in Resources */,
				05AE7C5214AD610E00E04FDF /* MasterViewController.xib in Resources */,
				05AE7C5514AD610E00E04FDF /* DetailViewController.xib in Resources */,
				05EDA2B814AE658C00B50BE5 /* g.png in Resources */,
				05835AE214AFA384008319A4 /* nc_17.png in Resources */,
				05835AE314AFA384008319A4 /* pg_13.png in Resources */,
				05835AE414AFA384008319A4 /* pg.png in Resources */,
				05835AE514AFA384008319A4 /* r.png in Resources */,
				05835AEE14AFA4A4008319A4 /* mm.png in Resources */,
				05835AEF14AFA4A4008319A4 /* mm@2x.png in Resources */,
				05835AFD14B00B6C008319A4 /* goldstar.png in Resources */,
				05F233A414B2278C00DE4272 /* Default.png in Resources */,
				05F233A714B2279300DE4272 /* Default@2x.png in Resources */,
				050B3BB314BFBC7E0017DE17 /* FavoriteViewController.xib in Resources */,
			);
			runOnlyForDeploymentPostprocessing = 0;
		};
		05AE7C5814AD610E00E04FDF /* Resources */ = {
			isa = PBXResourcesBuildPhase;
			buildActionMask = 2147483647;
			files = (
				05AE7C6814AD610E00E04FDF /* InfoPlist.strings in Resources */,
			);
			runOnlyForDeploymentPostprocessing = 0;
		};
/* End PBXResourcesBuildPhase section */

/* Begin PBXShellScriptBuildPhase section */
		05AE7C5914AD610E00E04FDF /* ShellScript */ = {
			isa = PBXShellScriptBuildPhase;
			buildActionMask = 2147483647;
			files = (
			);
			inputPaths = (
			);
			outputPaths = (
			);
			runOnlyForDeploymentPostprocessing = 0;
			shellPath = /bin/sh;
			shellScript = "# Run the unit tests in this test bundle.\n\"${SYSTEM_DEVELOPER_DIR}/Tools/RunUnitTests\"\n";
		};
/* End PBXShellScriptBuildPhase section */

/* Begin PBXSourcesBuildPhase section */
		05AE7C2B14AD610E00E04FDF /* Sources */ = {
			isa = PBXSourcesBuildPhase;
			buildActionMask = 2147483647;
			files = (
				05AE7C4214AD610E00E04FDF /* main.m in Sources */,
				05AE7C4614AD610E00E04FDF /* AppDelegate.m in Sources */,
				05AE7C4914AD610E00E04FDF /* MovieMate.xcdatamodeld in Sources */,
				05AE7C4C14AD610E00E04FDF /* MasterViewController.m in Sources */,
				05AE7C4F14AD610E00E04FDF /* DetailViewController.m in Sources */,
				05EDA2A814AE29F800B50BE5 /* Movie.m in Sources */,
				05EDA2AB14AE2A1300B50BE5 /* Actor.m in Sources */,
				05EDA2AE14AE2A2700B50BE5 /* Role.m in Sources */,
				05EDA2B614AE429900B50BE5 /* DatabaseManager.m in Sources */,
				050B3BB214BFBC7E0017DE17 /* FavoriteViewController.m in Sources */,
				050B3BB714BFC7BE0017DE17 /* TabViewController.m in Sources */,
			);
			runOnlyForDeploymentPostprocessing = 0;
		};
		05AE7C5614AD610E00E04FDF /* Sources */ = {
			isa = PBXSourcesBuildPhase;
			buildActionMask = 2147483647;
			files = (
				05AE7C6B14AD610E00E04FDF /* MovieMateTests.m in Sources */,
			);
			runOnlyForDeploymentPostprocessing = 0;
		};
/* End PBXSourcesBuildPhase section */

/* Begin PBXTargetDependency section */
		05AE7C6214AD610E00E04FDF /* PBXTargetDependency */ = {
			isa = PBXTargetDependency;
			target = 05AE7C2E14AD610E00E04FDF /* MovieMate */;
			targetProxy = 05AE7C6114AD610E00E04FDF /* PBXContainerItemProxy */;
		};
/* End PBXTargetDependency section */

/* Begin PBXVariantGroup section */
		05AE7C3E14AD610E00E04FDF /* InfoPlist.strings */ = {
			isa = PBXVariantGroup;
			children = (
				05AE7C3F14AD610E00E04FDF /* en */,
			);
			name = InfoPlist.strings;
			sourceTree = "<group>";
		};
		05AE7C5014AD610E00E04FDF /* MasterViewController.xib */ = {
			isa = PBXVariantGroup;
			children = (
				05AE7C5114AD610E00E04FDF /* en */,
			);
			name = MasterViewController.xib;
			sourceTree = "<group>";
		};
		05AE7C5314AD610E00E04FDF /* DetailViewController.xib */ = {
			isa = PBXVariantGroup;
			children = (
				05AE7C5414AD610E00E04FDF /* en */,
			);
			name = DetailViewController.xib;
			sourceTree = "<group>";
		};
		05AE7C6614AD610E00E04FDF /* InfoPlist.strings */ = {
			isa = PBXVariantGroup;
			children = (
				05AE7C6714AD610E00E04FDF /* en */,
			);
			name = InfoPlist.strings;
			sourceTree = "<group>";
		};
/* End PBXVariantGroup section */

/* Begin XCBuildConfiguration section */
		05AE7C6C14AD610E00E04FDF /* Debug */ = {
			isa = XCBuildConfiguration;
			buildSettings = {
				ALWAYS_SEARCH_USER_PATHS = NO;
				ARCHS = "$(ARCHS_STANDARD_32_BIT)";
				CLANG_ENABLE_OBJC_ARC = YES;
				"CODE_SIGN_IDENTITY[sdk=iphoneos*]" = "iPhone Developer";
				COPY_PHASE_STRIP = NO;
				GCC_C_LANGUAGE_STANDARD = gnu99;
				GCC_DYNAMIC_NO_PIC = NO;
				GCC_OPTIMIZATION_LEVEL = 0;
				GCC_PREPROCESSOR_DEFINITIONS = (
					"DEBUG=1",
					"$(inherited)",
				);
				GCC_SYMBOLS_PRIVATE_EXTERN = NO;
				GCC_VERSION = com.apple.compilers.llvm.clang.1_0;
				GCC_WARN_ABOUT_MISSING_PROTOTYPES = YES;
				GCC_WARN_ABOUT_RETURN_TYPE = YES;
				GCC_WARN_UNUSED_VARIABLE = YES;
				IPHONEOS_DEPLOYMENT_TARGET = 5.0;
				SDKROOT = iphoneos;
			};
			name = Debug;
		};
		05AE7C6D14AD610E00E04FDF /* Release */ = {
			isa = XCBuildConfiguration;
			buildSettings = {
				ALWAYS_SEARCH_USER_PATHS = NO;
				ARCHS = "$(ARCHS_STANDARD_32_BIT)";
				CLANG_ENABLE_OBJC_ARC = YES;
				"CODE_SIGN_IDENTITY[sdk=iphoneos*]" = "iPhone Developer";
				COPY_PHASE_STRIP = YES;
				GCC_C_LANGUAGE_STANDARD = gnu99;
				GCC_VERSION = com.apple.compilers.llvm.clang.1_0;
				GCC_WARN_ABOUT_MISSING_PROTOTYPES = YES;
				GCC_WARN_ABOUT_RETURN_TYPE = YES;
				GCC_WARN_UNUSED_VARIABLE = YES;
				IPHONEOS_DEPLOYMENT_TARGET = 5.0;
				OTHER_CFLAGS = "-DNS_BLOCK_ASSERTIONS=1";
				SDKROOT = iphoneos;
				VALIDATE_PRODUCT = YES;
			};
			name = Release;
		};
		05AE7C6F14AD610E00E04FDF /* Debug */ = {
			isa = XCBuildConfiguration;
			buildSettings = {
				GCC_PRECOMPILE_PREFIX_HEADER = YES;
				GCC_PREFIX_HEADER = "MovieMate/MovieMate-Prefix.pch";
				INFOPLIST_FILE = "MovieMate/MovieMate-Info.plist";
				PRODUCT_NAME = "$(TARGET_NAME)";
				WRAPPER_EXTENSION = app;
			};
			name = Debug;
		};
		05AE7C7014AD610E00E04FDF /* Release */ = {
			isa = XCBuildConfiguration;
			buildSettings = {
				GCC_PRECOMPILE_PREFIX_HEADER = YES;
				GCC_PREFIX_HEADER = "MovieMate/MovieMate-Prefix.pch";
				INFOPLIST_FILE = "MovieMate/MovieMate-Info.plist";
				PRODUCT_NAME = "$(TARGET_NAME)";
				WRAPPER_EXTENSION = app;
			};
			name = Release;
		};
		05AE7C7214AD610E00E04FDF /* Debug */ = {
			isa = XCBuildConfiguration;
			buildSettings = {
				BUNDLE_LOADER = "$(BUILT_PRODUCTS_DIR)/MovieMate.app/MovieMate";
				FRAMEWORK_SEARCH_PATHS = (
					"$(SDKROOT)/Developer/Library/Frameworks",
					"$(DEVELOPER_LIBRARY_DIR)/Frameworks",
				);
				GCC_PRECOMPILE_PREFIX_HEADER = YES;
				GCC_PREFIX_HEADER = "MovieMate/MovieMate-Prefix.pch";
				INFOPLIST_FILE = "MovieMateTests/MovieMateTests-Info.plist";
				PRODUCT_NAME = "$(TARGET_NAME)";
				TEST_HOST = "$(BUNDLE_LOADER)";
				WRAPPER_EXTENSION = octest;
			};
			name = Debug;
		};
		05AE7C7314AD610E00E04FDF /* Release */ = {
			isa = XCBuildConfiguration;
			buildSettings = {
				BUNDLE_LOADER = "$(BUILT_PRODUCTS_DIR)/MovieMate.app/MovieMate";
				FRAMEWORK_SEARCH_PATHS = (
					"$(SDKROOT)/Developer/Library/Frameworks",
					"$(DEVELOPER_LIBRARY_DIR)/Frameworks",
				);
				GCC_PRECOMPILE_PREFIX_HEADER = YES;
				GCC_PREFIX_HEADER = "MovieMate/MovieMate-Prefix.pch";
				INFOPLIST_FILE = "MovieMateTests/MovieMateTests-Info.plist";
				PRODUCT_NAME = "$(TARGET_NAME)";
				TEST_HOST = "$(BUNDLE_LOADER)";
				WRAPPER_EXTENSION = octest;
			};
			name = Release;
		};
/* End XCBuildConfiguration section */

/* Begin XCConfigurationList section */
		05AE7C2914AD610D00E04FDF /* Build configuration list for PBXProject "MovieMate" */ = {
			isa = XCConfigurationList;
			buildConfigurations = (
				05AE7C6C14AD610E00E04FDF /* Debug */,
				05AE7C6D14AD610E00E04FDF /* Release */,
			);
			defaultConfigurationIsVisible = 0;
			defaultConfigurationName = Release;
		};
		05AE7C6E14AD610E00E04FDF /* Build configuration list for PBXNativeTarget "MovieMate" */ = {
			isa = XCConfigurationList;
			buildConfigurations = (
				05AE7C6F14AD610E00E04FDF /* Debug */,
				05AE7C7014AD610E00E04FDF /* Release */,
			);
			defaultConfigurationIsVisible = 0;
			defaultConfigurationName = Release;
		};
		05AE7C7114AD610E00E04FDF /* Build configuration list for PBXNativeTarget "MovieMateTests" */ = {
			isa = XCConfigurationList;
			buildConfigurations = (
				05AE7C7214AD610E00E04FDF /* Debug */,
				05AE7C7314AD610E00E04FDF /* Release */,
			);
			defaultConfigurationIsVisible = 0;
			defaultConfigurationName = Release;
		};
/* End XCConfigurationList section */

/* Begin XCVersionGroup section */
		05AE7C4714AD610E00E04FDF /* MovieMate.xcdatamodeld */ = {
			isa = XCVersionGroup;
			children = (
				05AE7C4814AD610E00E04FDF /* MovieMate.xcdatamodel */,
			);
			currentVersion = 05AE7C4814AD610E00E04FDF /* MovieMate.xcdatamodel */;
			path = MovieMate.xcdatamodeld;
			sourceTree = "<group>";
			versionGroupType = wrapper.xcdatamodel;
		};
/* End XCVersionGroup section */
	};
	rootObject = 05AE7C2614AD610D00E04FDF /* Project object */;
}
